
Microsoft Visual Studio Solution File, Format Version 12.00
# Visual Studio Version 17
VisualStudioVersion = 17.10.35201.131
MinimumVisualStudioVersion = 10.0.40219.1
Project("{FAE04EC0-301F-11D3-BF4B-00C04F79EFBC}") = "TryCatch", "TryCatch\TryCatch.csproj", "{E9F4D6D2-D8AE-4161-88F6-258CA2766FDE}"
EndProject
Global
	GlobalSection(SolutionConfigurationPlatforms) = preSolution
		Debug|Any CPU = Debug|Any CPU
		Release|Any CPU = Release|Any CPU
	EndGlobalSection
	GlobalSection(ProjectConfigurationPlatforms) = postSolution
		{E9F4D6D2-D8AE-4161-88F6-258CA2766FDE}.Debug|Any CPU.ActiveCfg = Debug|Any CPU
		{E9F4D6D2-D8AE-4161-88F6-258CA2766FDE}.Debug|Any CPU.Build.0 = Debug|Any CPU
		{E9F4D6D2-D8AE-4161-88F6-258CA2766FDE}.Release|Any CPU.ActiveCfg = Release|Any CPU
		{E9F4D6D2-D8AE-4161-88F6-258CA2766FDE}.Release|Any CPU.Build.0 = Release|Any CPU
	EndGlobalSection
	GlobalSection(SolutionProperties) = preSolution
		HideSolutionNode = FALSE
	EndGlobalSection
	GlobalSection(ExtensibilityGlobals) = postSolution
		SolutionGuid = {EB8E2897-9403-4B80-950D-18AAFAC02A32}
	EndGlobalSection
EndGlobal
